
Microsoft Visual Studio Solution File, Format Version 12.00
# Visual Studio Version 17
VisualStudioVersion = 17.0.31903.59
MinimumVisualStudioVersion = 10.0.40219.1
Project("{FAE04EC0-301F-11D3-BF4B-00C04F79EFBC}") = "NewTalent", "NewTalent\NewTalent.csproj", "{F28F17FF-B2C6-421F-8A84-C92D97CE2A33}"
EndProject
Project("{FAE04EC0-301F-11D3-BF4B-00C04F79EFBC}") = "NewTalentTests", "NewTalentTests\NewTalentTests.csproj", "{A0049115-D4BE-465E-949D-005FBF3BDA7D}"
EndProject
Global
	GlobalSection(SolutionConfigurationPlatforms) = preSolution
		Debug|Any CPU = Debug|Any CPU
		Release|Any CPU = Release|Any CPU
	EndGlobalSection
	GlobalSection(SolutionProperties) = preSolution
		HideSolutionNode = FALSE
	EndGlobalSection
	GlobalSection(ProjectConfigurationPlatforms) = postSolution
		{F28F17FF-B2C6-421F-8A84-C92D97CE2A33}.Debug|Any CPU.ActiveCfg = Debug|Any CPU
		{F28F17FF-B2C6-421F-8A84-C92D97CE2A33}.Debug|Any CPU.Build.0 = Debug|Any CPU
		{F28F17FF-B2C6-421F-8A84-C92D97CE2A33}.Release|Any CPU.ActiveCfg = Release|Any CPU
		{F28F17FF-B2C6-421F-8A84-C92D97CE2A33}.Release|Any CPU.Build.0 = Release|Any CPU
		{A0049115-D4BE-465E-949D-005FBF3BDA7D}.Debug|Any CPU.ActiveCfg = Debug|Any CPU
		{A0049115-D4BE-465E-949D-005FBF3BDA7D}.Debug|Any CPU.Build.0 = Debug|Any CPU
		{A0049115-D4BE-465E-949D-005FBF3BDA7D}.Release|Any CPU.ActiveCfg = Release|Any CPU
		{A0049115-D4BE-465E-949D-005FBF3BDA7D}.Release|Any CPU.Build.0 = Release|Any CPU
	EndGlobalSection
EndGlobal
